// !$*UTF8*$!
{
	archiveVersion = 1;
	classes = {
	};
	objectVersion = 56;
	objects = {

/* Begin PBXBuildFile section */
		895057D42A0C8B0C002103BF /* MapViewModel.swift in Sources */ = {isa = PBXBuildFile; fileRef = 895057D32A0C8B0C002103BF /* MapViewModel.swift */; };
		895057D62A0C8B15002103BF /* MapView.swift in Sources */ = {isa = PBXBuildFile; fileRef = 895057D52A0C8B15002103BF /* MapView.swift */; };
		895832EB2A00CE5C000440BC /* BJITXpressApp.swift in Sources */ = {isa = PBXBuildFile; fileRef = 895832EA2A00CE5C000440BC /* BJITXpressApp.swift */; };
		895832ED2A00CE5C000440BC /* ContentView.swift in Sources */ = {isa = PBXBuildFile; fileRef = 895832EC2A00CE5C000440BC /* ContentView.swift */; };
		895832EF2A00CE5E000440BC /* Assets.xcassets in Resources */ = {isa = PBXBuildFile; fileRef = 895832EE2A00CE5E000440BC /* Assets.xcassets */; };
		895832F22A00CE5E000440BC /* Preview Assets.xcassets in Resources */ = {isa = PBXBuildFile; fileRef = 895832F12A00CE5E000440BC /* Preview Assets.xcassets */; };
		895832F42A00CE5E000440BC /* Persistence.swift in Sources */ = {isa = PBXBuildFile; fileRef = 895832F32A00CE5E000440BC /* Persistence.swift */; };
		895832F72A00CE5E000440BC /* BJITXpress.xcdatamodeld in Sources */ = {isa = PBXBuildFile; fileRef = 895832F52A00CE5E000440BC /* BJITXpress.xcdatamodeld */; };
		896C03C92A1920A100AF77AB /* DemoInsertion.swift in Sources */ = {isa = PBXBuildFile; fileRef = 896C03C82A1920A100AF77AB /* DemoInsertion.swift */; };
		896C03CB2A1A947600AF77AB /* Models.swift in Sources */ = {isa = PBXBuildFile; fileRef = 896C03CA2A1A947600AF77AB /* Models.swift */; };
		897995A02A1229CC00EDA022 /* ViewSelector.swift in Sources */ = {isa = PBXBuildFile; fileRef = 8979959F2A1229CC00EDA022 /* ViewSelector.swift */; };
		897FF7022A04F3D0004420DD /* BusListView.swift in Sources */ = {isa = PBXBuildFile; fileRef = 897FF7012A04F3D0004420DD /* BusListView.swift */; };
		8984AE942A022DA900ABDE65 /* LoginView.swift in Sources */ = {isa = PBXBuildFile; fileRef = 8984AE932A022DA900ABDE65 /* LoginView.swift */; };
		8984AE972A022ED800ABDE65 /* HomeView.swift in Sources */ = {isa = PBXBuildFile; fileRef = 8984AE962A022ED800ABDE65 /* HomeView.swift */; };
		8984AE992A022EE200ABDE65 /* BusView.swift in Sources */ = {isa = PBXBuildFile; fileRef = 8984AE982A022EE200ABDE65 /* BusView.swift */; };
		8984AE9B2A022EF000ABDE65 /* WeekendView.swift in Sources */ = {isa = PBXBuildFile; fileRef = 8984AE9A2A022EF000ABDE65 /* WeekendView.swift */; };
		8984AE9D2A022F0100ABDE65 /* HistoryView.swift in Sources */ = {isa = PBXBuildFile; fileRef = 8984AE9C2A022F0100ABDE65 /* HistoryView.swift */; };
		8984AE9F2A022F5F00ABDE65 /* MockData.swift in Sources */ = {isa = PBXBuildFile; fileRef = 8984AE9E2A022F5F00ABDE65 /* MockData.swift */; };
		898881652A17869A00FFF81D /* CloudKitHelper.swift in Sources */ = {isa = PBXBuildFile; fileRef = 898881642A17869A00FFF81D /* CloudKitHelper.swift */; };
		89A35E292A0B9373009F8F27 /* HomeViewModel.swift in Sources */ = {isa = PBXBuildFile; fileRef = 89A35E282A0B9373009F8F27 /* HomeViewModel.swift */; };
		89A35E2B2A0B943A009F8F27 /* Location.swift in Sources */ = {isa = PBXBuildFile; fileRef = 89A35E2A2A0B943A009F8F27 /* Location.swift */; };
		89A35E2E2A0B9C80009F8F27 /* LocationUpdateScheduler.swift in Sources */ = {isa = PBXBuildFile; fileRef = 89A35E2D2A0B9C80009F8F27 /* LocationUpdateScheduler.swift */; };
/* End PBXBuildFile section */

/* Begin PBXFileReference section */
		895057D32A0C8B0C002103BF /* MapViewModel.swift */ = {isa = PBXFileReference; lastKnownFileType = sourcecode.swift; path = MapViewModel.swift; sourceTree = "<group>"; };
		895057D52A0C8B15002103BF /* MapView.swift */ = {isa = PBXFileReference; lastKnownFileType = sourcecode.swift; path = MapView.swift; sourceTree = "<group>"; };
		895832E72A00CE5C000440BC /* BJITXpress.app */ = {isa = PBXFileReference; explicitFileType = wrapper.application; includeInIndex = 0; path = BJITXpress.app; sourceTree = BUILT_PRODUCTS_DIR; };
		895832EA2A00CE5C000440BC /* BJITXpressApp.swift */ = {isa = PBXFileReference; lastKnownFileType = sourcecode.swift; path = BJITXpressApp.swift; sourceTree = "<group>"; };
		895832EC2A00CE5C000440BC /* ContentView.swift */ = {isa = PBXFileReference; lastKnownFileType = sourcecode.swift; path = ContentView.swift; sourceTree = "<group>"; };
		895832EE2A00CE5E000440BC /* Assets.xcassets */ = {isa = PBXFileReference; lastKnownFileType = folder.assetcatalog; path = Assets.xcassets; sourceTree = "<group>"; };
		895832F12A00CE5E000440BC /* Preview Assets.xcassets */ = {isa = PBXFileReference; lastKnownFileType = folder.assetcatalog; path = "Preview Assets.xcassets"; sourceTree = "<group>"; };
		895832F32A00CE5E000440BC /* Persistence.swift */ = {isa = PBXFileReference; lastKnownFileType = sourcecode.swift; path = Persistence.swift; sourceTree = "<group>"; };
		895832F62A00CE5E000440BC /* BJITXpress.xcdatamodel */ = {isa = PBXFileReference; lastKnownFileType = wrapper.xcdatamodel; path = BJITXpress.xcdatamodel; sourceTree = "<group>"; };
		895832F82A00CE5E000440BC /* Info.plist */ = {isa = PBXFileReference; lastKnownFileType = text.plist.xml; path = Info.plist; sourceTree = "<group>"; };
		895832FE2A00CED4000440BC /* BJITXpress.entitlements */ = {isa = PBXFileReference; lastKnownFileType = text.plist.entitlements; path = BJITXpress.entitlements; sourceTree = "<group>"; };
		896C03C82A1920A100AF77AB /* DemoInsertion.swift */ = {isa = PBXFileReference; lastKnownFileType = sourcecode.swift; path = DemoInsertion.swift; sourceTree = "<group>"; };
		896C03CA2A1A947600AF77AB /* Models.swift */ = {isa = PBXFileReference; lastKnownFileType = sourcecode.swift; path = Models.swift; sourceTree = "<group>"; };
		8979959F2A1229CC00EDA022 /* ViewSelector.swift */ = {isa = PBXFileReference; lastKnownFileType = sourcecode.swift; path = ViewSelector.swift; sourceTree = "<group>"; };
		897FF7012A04F3D0004420DD /* BusListView.swift */ = {isa = PBXFileReference; lastKnownFileType = sourcecode.swift; path = BusListView.swift; sourceTree = "<group>"; };
		8984AE932A022DA900ABDE65 /* LoginView.swift */ = {isa = PBXFileReference; lastKnownFileType = sourcecode.swift; path = LoginView.swift; sourceTree = "<group>"; };
		8984AE962A022ED800ABDE65 /* HomeView.swift */ = {isa = PBXFileReference; lastKnownFileType = sourcecode.swift; path = HomeView.swift; sourceTree = "<group>"; };
		8984AE982A022EE200ABDE65 /* BusView.swift */ = {isa = PBXFileReference; lastKnownFileType = sourcecode.swift; path = BusView.swift; sourceTree = "<group>"; };
		8984AE9A2A022EF000ABDE65 /* WeekendView.swift */ = {isa = PBXFileReference; lastKnownFileType = sourcecode.swift; path = WeekendView.swift; sourceTree = "<group>"; };
		8984AE9C2A022F0100ABDE65 /* HistoryView.swift */ = {isa = PBXFileReference; lastKnownFileType = sourcecode.swift; path = HistoryView.swift; sourceTree = "<group>"; };
		8984AE9E2A022F5F00ABDE65 /* MockData.swift */ = {isa = PBXFileReference; lastKnownFileType = sourcecode.swift; path = MockData.swift; sourceTree = "<group>"; };
		898881642A17869A00FFF81D /* CloudKitHelper.swift */ = {isa = PBXFileReference; lastKnownFileType = sourcecode.swift; path = CloudKitHelper.swift; sourceTree = "<group>"; };
		89A35E282A0B9373009F8F27 /* HomeViewModel.swift */ = {isa = PBXFileReference; lastKnownFileType = sourcecode.swift; path = HomeViewModel.swift; sourceTree = "<group>"; };
		89A35E2A2A0B943A009F8F27 /* Location.swift */ = {isa = PBXFileReference; lastKnownFileType = sourcecode.swift; path = Location.swift; sourceTree = "<group>"; };
		89A35E2D2A0B9C80009F8F27 /* LocationUpdateScheduler.swift */ = {isa = PBXFileReference; lastKnownFileType = sourcecode.swift; path = LocationUpdateScheduler.swift; sourceTree = "<group>"; };
/* End PBXFileReference section */

/* Begin PBXFrameworksBuildPhase section */
		895832E42A00CE5C000440BC /* Frameworks */ = {
			isa = PBXFrameworksBuildPhase;
			buildActionMask = 2147483647;
			files = (
			);
			runOnlyForDeploymentPostprocessing = 0;
		};
/* End PBXFrameworksBuildPhase section */

/* Begin PBXGroup section */
		895057D72A0C8B1F002103BF /* Map */ = {
			isa = PBXGroup;
			children = (
				895057D52A0C8B15002103BF /* MapView.swift */,
				895057D32A0C8B0C002103BF /* MapViewModel.swift */,
			);
			path = Map;
			sourceTree = "<group>";
		};
		895832DE2A00CE5C000440BC = {
			isa = PBXGroup;
			children = (
				895832E92A00CE5C000440BC /* BJITXpress */,
				895832E82A00CE5C000440BC /* Products */,
			);
			sourceTree = "<group>";
		};
		895832E82A00CE5C000440BC /* Products */ = {
			isa = PBXGroup;
			children = (
				895832E72A00CE5C000440BC /* BJITXpress.app */,
			);
			name = Products;
			sourceTree = "<group>";
		};
		895832E92A00CE5C000440BC /* BJITXpress */ = {
			isa = PBXGroup;
			children = (
				895832FE2A00CED4000440BC /* BJITXpress.entitlements */,
				895832EA2A00CE5C000440BC /* BJITXpressApp.swift */,
				895832EC2A00CE5C000440BC /* ContentView.swift */,
				895832F32A00CE5E000440BC /* Persistence.swift */,
				8979959F2A1229CC00EDA022 /* ViewSelector.swift */,
				898881642A17869A00FFF81D /* CloudKitHelper.swift */,
				896C03CA2A1A947600AF77AB /* Models.swift */,
				8984AE8E2A022D3B00ABDE65 /* Login */,
				8984AE8F2A022D4F00ABDE65 /* Home */,
				8984AE902A022D5500ABDE65 /* Bus */,
				8984AE912A022D7300ABDE65 /* Weekend */,
				8984AE922A022D7B00ABDE65 /* History */,
				8984AE9E2A022F5F00ABDE65 /* MockData.swift */,
				89A35E2C2A0B9C54009F8F27 /* LocationService */,
				895057D72A0C8B1F002103BF /* Map */,
				895832EE2A00CE5E000440BC /* Assets.xcassets */,
				895832F82A00CE5E000440BC /* Info.plist */,
				895832F52A00CE5E000440BC /* BJITXpress.xcdatamodeld */,
				895832F02A00CE5E000440BC /* Preview Content */,
				896C03C82A1920A100AF77AB /* DemoInsertion.swift */,
			);
			path = BJITXpress;
			sourceTree = "<group>";
		};
		895832F02A00CE5E000440BC /* Preview Content */ = {
			isa = PBXGroup;
			children = (
				895832F12A00CE5E000440BC /* Preview Assets.xcassets */,
			);
			path = "Preview Content";
			sourceTree = "<group>";
		};
		8984AE8E2A022D3B00ABDE65 /* Login */ = {
			isa = PBXGroup;
			children = (
				8984AE932A022DA900ABDE65 /* LoginView.swift */,
			);
			path = Login;
			sourceTree = "<group>";
		};
		8984AE8F2A022D4F00ABDE65 /* Home */ = {
			isa = PBXGroup;
			children = (
				8984AE962A022ED800ABDE65 /* HomeView.swift */,
				89A35E282A0B9373009F8F27 /* HomeViewModel.swift */,
			);
			path = Home;
			sourceTree = "<group>";
		};
		8984AE902A022D5500ABDE65 /* Bus */ = {
			isa = PBXGroup;
			children = (
				8984AE982A022EE200ABDE65 /* BusView.swift */,
				897FF7012A04F3D0004420DD /* BusListView.swift */,
			);
			path = Bus;
			sourceTree = "<group>";
		};
		8984AE912A022D7300ABDE65 /* Weekend */ = {
			isa = PBXGroup;
			children = (
				8984AE9A2A022EF000ABDE65 /* WeekendView.swift */,
			);
			path = Weekend;
			sourceTree = "<group>";
		};
		8984AE922A022D7B00ABDE65 /* History */ = {
			isa = PBXGroup;
			children = (
				8984AE9C2A022F0100ABDE65 /* HistoryView.swift */,
			);
			path = History;
			sourceTree = "<group>";
		};
		89A35E2C2A0B9C54009F8F27 /* LocationService */ = {
			isa = PBXGroup;
			children = (
				89A35E2A2A0B943A009F8F27 /* Location.swift */,
				89A35E2D2A0B9C80009F8F27 /* LocationUpdateScheduler.swift */,
			);
			path = LocationService;
			sourceTree = "<group>";
		};
/* End PBXGroup section */

/* Begin PBXNativeTarget section */
		895832E62A00CE5C000440BC /* BJITXpress */ = {
			isa = PBXNativeTarget;
			buildConfigurationList = 895832FB2A00CE5E000440BC /* Build configuration list for PBXNativeTarget "BJITXpress" */;
			buildPhases = (
				895832E32A00CE5C000440BC /* Sources */,
				895832E42A00CE5C000440BC /* Frameworks */,
				895832E52A00CE5C000440BC /* Resources */,
			);
			buildRules = (
			);
			dependencies = (
			);
			name = BJITXpress;
			productName = BJITXpress;
			productReference = 895832E72A00CE5C000440BC /* BJITXpress.app */;
			productType = "com.apple.product-type.application";
		};
/* End PBXNativeTarget section */

/* Begin PBXProject section */
		895832DF2A00CE5C000440BC /* Project object */ = {
			isa = PBXProject;
			attributes = {
				BuildIndependentTargetsInParallel = 1;
				LastSwiftUpdateCheck = 1400;
				LastUpgradeCheck = 1400;
				TargetAttributes = {
					895832E62A00CE5C000440BC = {
						CreatedOnToolsVersion = 14.0.1;
					};
				};
			};
			buildConfigurationList = 895832E22A00CE5C000440BC /* Build configuration list for PBXProject "BJITXpress" */;
			compatibilityVersion = "Xcode 14.0";
			developmentRegion = en;
			hasScannedForEncodings = 0;
			knownRegions = (
				en,
				Base,
			);
			mainGroup = 895832DE2A00CE5C000440BC;
			productRefGroup = 895832E82A00CE5C000440BC /* Products */;
			projectDirPath = "";
			projectRoot = "";
			targets = (
				895832E62A00CE5C000440BC /* BJITXpress */,
			);
		};
/* End PBXProject section */

/* Begin PBXResourcesBuildPhase section */
		895832E52A00CE5C000440BC /* Resources */ = {
			isa = PBXResourcesBuildPhase;
			buildActionMask = 2147483647;
			files = (
				895832F22A00CE5E000440BC /* Preview Assets.xcassets in Resources */,
				895832EF2A00CE5E000440BC /* Assets.xcassets in Resources */,
			);
			runOnlyForDeploymentPostprocessing = 0;
		};
/* End PBXResourcesBuildPhase section */

/* Begin PBXSourcesBuildPhase section */
		895832E32A00CE5C000440BC /* Sources */ = {
			isa = PBXSourcesBuildPhase;
			buildActionMask = 2147483647;
			files = (
				8984AE992A022EE200ABDE65 /* BusView.swift in Sources */,
				895057D62A0C8B15002103BF /* MapView.swift in Sources */,
				895832F42A00CE5E000440BC /* Persistence.swift in Sources */,
				8984AE9B2A022EF000ABDE65 /* WeekendView.swift in Sources */,
				896C03C92A1920A100AF77AB /* DemoInsertion.swift in Sources */,
				895832F72A00CE5E000440BC /* BJITXpress.xcdatamodeld in Sources */,
				895832ED2A00CE5C000440BC /* ContentView.swift in Sources */,
				89A35E2E2A0B9C80009F8F27 /* LocationUpdateScheduler.swift in Sources */,
				8984AE972A022ED800ABDE65 /* HomeView.swift in Sources */,
				898881652A17869A00FFF81D /* CloudKitHelper.swift in Sources */,
				89A35E2B2A0B943A009F8F27 /* Location.swift in Sources */,
				8984AE942A022DA900ABDE65 /* LoginView.swift in Sources */,
				89A35E292A0B9373009F8F27 /* HomeViewModel.swift in Sources */,
				897FF7022A04F3D0004420DD /* BusListView.swift in Sources */,
				895057D42A0C8B0C002103BF /* MapViewModel.swift in Sources */,
				8984AE9D2A022F0100ABDE65 /* HistoryView.swift in Sources */,
				897995A02A1229CC00EDA022 /* ViewSelector.swift in Sources */,
				895832EB2A00CE5C000440BC /* BJITXpressApp.swift in Sources */,
				8984AE9F2A022F5F00ABDE65 /* MockData.swift in Sources */,
				896C03CB2A1A947600AF77AB /* Models.swift in Sources */,
			);
			runOnlyForDeploymentPostprocessing = 0;
		};
/* End PBXSourcesBuildPhase section */

/* Begin XCBuildConfiguration section */
		895832F92A00CE5E000440BC /* Debug */ = {
			isa = XCBuildConfiguration;
			buildSettings = {
				ALWAYS_SEARCH_USER_PATHS = NO;
				CLANG_ANALYZER_NONNULL = YES;
				CLANG_ANALYZER_NUMBER_OBJECT_CONVERSION = YES_AGGRESSIVE;
				CLANG_CXX_LANGUAGE_STANDARD = "gnu++20";
				CLANG_ENABLE_MODULES = YES;
				CLANG_ENABLE_OBJC_ARC = YES;
				CLANG_ENABLE_OBJC_WEAK = YES;
				CLANG_WARN_BLOCK_CAPTURE_AUTORELEASING = YES;
				CLANG_WARN_BOOL_CONVERSION = YES;
				CLANG_WARN_COMMA = YES;
				CLANG_WARN_CONSTANT_CONVERSION = YES;
				CLANG_WARN_DEPRECATED_OBJC_IMPLEMENTATIONS = YES;
				CLANG_WARN_DIRECT_OBJC_ISA_USAGE = YES_ERROR;
				CLANG_WARN_DOCUMENTATION_COMMENTS = YES;
				CLANG_WARN_EMPTY_BODY = YES;
				CLANG_WARN_ENUM_CONVERSION = YES;
				CLANG_WARN_INFINITE_RECURSION = YES;
				CLANG_WARN_INT_CONVERSION = YES;
				CLANG_WARN_NON_LITERAL_NULL_CONVERSION = YES;
				CLANG_WARN_OBJC_IMPLICIT_RETAIN_SELF = YES;
				CLANG_WARN_OBJC_LITERAL_CONVERSION = YES;
				CLANG_WARN_OBJC_ROOT_CLASS = YES_ERROR;
				CLANG_WARN_QUOTED_INCLUDE_IN_FRAMEWORK_HEADER = YES;
				CLANG_WARN_RANGE_LOOP_ANALYSIS = YES;
				CLANG_WARN_STRICT_PROTOTYPES = YES;
				CLANG_WARN_SUSPICIOUS_MOVE = YES;
				CLANG_WARN_UNGUARDED_AVAILABILITY = YES_AGGRESSIVE;
				CLANG_WARN_UNREACHABLE_CODE = YES;
				CLANG_WARN__DUPLICATE_METHOD_MATCH = YES;
				COPY_PHASE_STRIP = NO;
				DEBUG_INFORMATION_FORMAT = dwarf;
				ENABLE_STRICT_OBJC_MSGSEND = YES;
				ENABLE_TESTABILITY = YES;
				GCC_C_LANGUAGE_STANDARD = gnu11;
				GCC_DYNAMIC_NO_PIC = NO;
				GCC_NO_COMMON_BLOCKS = YES;
				GCC_OPTIMIZATION_LEVEL = 0;
				GCC_PREPROCESSOR_DEFINITIONS = (
					"DEBUG=1",
					"$(inherited)",
				);
				GCC_WARN_64_TO_32_BIT_CONVERSION = YES;
				GCC_WARN_ABOUT_RETURN_TYPE = YES_ERROR;
				GCC_WARN_UNDECLARED_SELECTOR = YES;
				GCC_WARN_UNINITIALIZED_AUTOS = YES_AGGRESSIVE;
				GCC_WARN_UNUSED_FUNCTION = YES;
				GCC_WARN_UNUSED_VARIABLE = YES;
				IPHONEOS_DEPLOYMENT_TARGET = 16.0;
				MTL_ENABLE_DEBUG_INFO = INCLUDE_SOURCE;
				MTL_FAST_MATH = YES;
				ONLY_ACTIVE_ARCH = YES;
				SDKROOT = iphoneos;
				SWIFT_ACTIVE_COMPILATION_CONDITIONS = DEBUG;
				SWIFT_OPTIMIZATION_LEVEL = "-Onone";
			};
			name = Debug;
		};
		895832FA2A00CE5E000440BC /* Release */ = {
			isa = XCBuildConfiguration;
			buildSettings = {
				ALWAYS_SEARCH_USER_PATHS = NO;
				CLANG_ANALYZER_NONNULL = YES;
				CLANG_ANALYZER_NUMBER_OBJECT_CONVERSION = YES_AGGRESSIVE;
				CLANG_CXX_LANGUAGE_STANDARD = "gnu++20";
				CLANG_ENABLE_MODULES = YES;
				CLANG_ENABLE_OBJC_ARC = YES;
				CLANG_ENABLE_OBJC_WEAK = YES;
				CLANG_WARN_BLOCK_CAPTURE_AUTORELEASING = YES;
				CLANG_WARN_BOOL_CONVERSION = YES;
				CLANG_WARN_COMMA = YES;
				CLANG_WARN_CONSTANT_CONVERSION = YES;
				CLANG_WARN_DEPRECATED_OBJC_IMPLEMENTATIONS = YES;
				CLANG_WARN_DIRECT_OBJC_ISA_USAGE = YES_ERROR;
				CLANG_WARN_DOCUMENTATION_COMMENTS = YES;
				CLANG_WARN_EMPTY_BODY = YES;
				CLANG_WARN_ENUM_CONVERSION = YES;
				CLANG_WARN_INFINITE_RECURSION = YES;
				CLANG_WARN_INT_CONVERSION = YES;
				CLANG_WARN_NON_LITERAL_NULL_CONVERSION = YES;
				CLANG_WARN_OBJC_IMPLICIT_RETAIN_SELF = YES;
				CLANG_WARN_OBJC_LITERAL_CONVERSION = YES;
				CLANG_WARN_OBJC_ROOT_CLASS = YES_ERROR;
				CLANG_WARN_QUOTED_INCLUDE_IN_FRAMEWORK_HEADER = YES;
				CLANG_WARN_RANGE_LOOP_ANALYSIS = YES;
				CLANG_WARN_STRICT_PROTOTYPES = YES;
				CLANG_WARN_SUSPICIOUS_MOVE = YES;
				CLANG_WARN_UNGUARDED_AVAILABILITY = YES_AGGRESSIVE;
				CLANG_WARN_UNREACHABLE_CODE = YES;
				CLANG_WARN__DUPLICATE_METHOD_MATCH = YES;
				COPY_PHASE_STRIP = NO;
				DEBUG_INFORMATION_FORMAT = "dwarf-with-dsym";
				ENABLE_NS_ASSERTIONS = NO;
				ENABLE_STRICT_OBJC_MSGSEND = YES;
				GCC_C_LANGUAGE_STANDARD = gnu11;
				GCC_NO_COMMON_BLOCKS = YES;
				GCC_WARN_64_TO_32_BIT_CONVERSION = YES;
				GCC_WARN_ABOUT_RETURN_TYPE = YES_ERROR;
				GCC_WARN_UNDECLARED_SELECTOR = YES;
				GCC_WARN_UNINITIALIZED_AUTOS = YES_AGGRESSIVE;
				GCC_WARN_UNUSED_FUNCTION = YES;
				GCC_WARN_UNUSED_VARIABLE = YES;
				IPHONEOS_DEPLOYMENT_TARGET = 16.0;
				MTL_ENABLE_DEBUG_INFO = NO;
				MTL_FAST_MATH = YES;
				SDKROOT = iphoneos;
				SWIFT_COMPILATION_MODE = wholemodule;
				SWIFT_OPTIMIZATION_LEVEL = "-O";
				VALIDATE_PRODUCT = YES;
			};
			name = Release;
		};
		895832FC2A00CE5E000440BC /* Debug */ = {
			isa = XCBuildConfiguration;
			buildSettings = {
				ASSETCATALOG_COMPILER_APPICON_NAME = AppIcon;
				ASSETCATALOG_COMPILER_GLOBAL_ACCENT_COLOR_NAME = AccentColor;
				CODE_SIGN_ENTITLEMENTS = BJITXpress/BJITXpress.entitlements;
				CODE_SIGN_IDENTITY = "Apple Development: Mamun Khan (RA77FF939U)";
				"CODE_SIGN_IDENTITY[sdk=iphoneos*]" = "Apple Development: Mamun Khan (RA77FF939U)";
				CODE_SIGN_STYLE = Manual;
				CURRENT_PROJECT_VERSION = 1;
				DEVELOPMENT_ASSET_PATHS = "\"BJITXpress/Preview Content\"";
				DEVELOPMENT_TEAM = "";
				"DEVELOPMENT_TEAM[sdk=iphoneos*]" = 2BL4KQW6R5;
				ENABLE_PREVIEWS = YES;
				GENERATE_INFOPLIST_FILE = YES;
				INFOPLIST_FILE = BJITXpress/Info.plist;
				INFOPLIST_KEY_NSLocationAlwaysAndWhenInUseUsageDescription = "Please Allow";
				INFOPLIST_KEY_NSLocationWhenInUseUsageDescription = "Please Allow the Permission";
				INFOPLIST_KEY_UIApplicationSceneManifest_Generation = YES;
				INFOPLIST_KEY_UIApplicationSupportsIndirectInputEvents = YES;
				INFOPLIST_KEY_UILaunchScreen_Generation = YES;
				INFOPLIST_KEY_UISupportedInterfaceOrientations_iPad = "UIInterfaceOrientationPortrait UIInterfaceOrientationPortraitUpsideDown UIInterfaceOrientationLandscapeLeft UIInterfaceOrientationLandscapeRight";
				INFOPLIST_KEY_UISupportedInterfaceOrientations_iPhone = "UIInterfaceOrientationPortrait UIInterfaceOrientationLandscapeLeft UIInterfaceOrientationLandscapeRight";
				IPHONEOS_DEPLOYMENT_TARGET = 15;
				LD_RUNPATH_SEARCH_PATHS = (
					"$(inherited)",
					"@executable_path/Frameworks",
				);
				MARKETING_VERSION = 1.0;
				PRODUCT_BUNDLE_IDENTIFIER = com.bjitgroup.upskill;
				PRODUCT_NAME = "$(TARGET_NAME)";
				PROVISIONING_PROFILE_SPECIFIER = "";
				"PROVISIONING_PROFILE_SPECIFIER[sdk=iphoneos*]" = "BJIT UpSkill Dev";
				SWIFT_EMIT_LOC_STRINGS = YES;
				SWIFT_VERSION = 5.0;
				TARGETED_DEVICE_FAMILY = "1,2";
			};
			name = Debug;
		};
		895832FD2A00CE5E000440BC /* Release */ = {
			isa = XCBuildConfiguration;
			buildSettings = {
				ASSETCATALOG_COMPILER_APPICON_NAME = AppIcon;
				ASSETCATALOG_COMPILER_GLOBAL_ACCENT_COLOR_NAME = AccentColor;
				CODE_SIGN_ENTITLEMENTS = BJITXpress/BJITXpress.entitlements;
				CODE_SIGN_IDENTITY = "Apple Development: Mamun Khan (RA77FF939U)";
				"CODE_SIGN_IDENTITY[sdk=iphoneos*]" = "Apple Development: Mamun Khan (RA77FF939U)";
				CODE_SIGN_STYLE = Manual;
				CURRENT_PROJECT_VERSION = 1;
				DEVELOPMENT_ASSET_PATHS = "\"BJITXpress/Preview Content\"";
				DEVELOPMENT_TEAM = "";
				"DEVELOPMENT_TEAM[sdk=iphoneos*]" = 2BL4KQW6R5;
				ENABLE_PREVIEWS = YES;
				GENERATE_INFOPLIST_FILE = YES;
				INFOPLIST_FILE = BJITXpress/Info.plist;
				INFOPLIST_KEY_NSLocationAlwaysAndWhenInUseUsageDescription = "Please Allow";
				INFOPLIST_KEY_NSLocationWhenInUseUsageDescription = "Please Allow the Permission";
				INFOPLIST_KEY_UIApplicationSceneManifest_Generation = YES;
				INFOPLIST_KEY_UIApplicationSupportsIndirectInputEvents = YES;
				INFOPLIST_KEY_UILaunchScreen_Generation = YES;
				INFOPLIST_KEY_UISupportedInterfaceOrientations_iPad = "UIInterfaceOrientationPortrait UIInterfaceOrientationPortraitUpsideDown UIInterfaceOrientationLandscapeLeft UIInterfaceOrientationLandscapeRight";
				INFOPLIST_KEY_UISupportedInterfaceOrientations_iPhone = "UIInterfaceOrientationPortrait UIInterfaceOrientationLandscapeLeft UIInterfaceOrientationLandscapeRight";
				IPHONEOS_DEPLOYMENT_TARGET = 15;
				LD_RUNPATH_SEARCH_PATHS = (
					"$(inherited)",
					"@executable_path/Frameworks",
				);
				MARKETING_VERSION = 1.0;
				PRODUCT_BUNDLE_IDENTIFIER = com.bjitgroup.upskill;
				PRODUCT_NAME = "$(TARGET_NAME)";
				PROVISIONING_PROFILE_SPECIFIER = "";
				"PROVISIONING_PROFILE_SPECIFIER[sdk=iphoneos*]" = "BJIT UpSkill Dev";
				SWIFT_EMIT_LOC_STRINGS = YES;
				SWIFT_VERSION = 5.0;
				TARGETED_DEVICE_FAMILY = "1,2";
			};
			name = Release;
		};
/* End XCBuildConfiguration section */

/* Begin XCConfigurationList section */
		895832E22A00CE5C000440BC /* Build configuration list for PBXProject "BJITXpress" */ = {
			isa = XCConfigurationList;
			buildConfigurations = (
				895832F92A00CE5E000440BC /* Debug */,
				895832FA2A00CE5E000440BC /* Release */,
			);
			defaultConfigurationIsVisible = 0;
			defaultConfigurationName = Release;
		};
		895832FB2A00CE5E000440BC /* Build configuration list for PBXNativeTarget "BJITXpress" */ = {
			isa = XCConfigurationList;
			buildConfigurations = (
				895832FC2A00CE5E000440BC /* Debug */,
				895832FD2A00CE5E000440BC /* Release */,
			);
			defaultConfigurationIsVisible = 0;
			defaultConfigurationName = Release;
		};
/* End XCConfigurationList section */

/* Begin XCVersionGroup section */
		895832F52A00CE5E000440BC /* BJITXpress.xcdatamodeld */ = {
			isa = XCVersionGroup;
			children = (
				895832F62A00CE5E000440BC /* BJITXpress.xcdatamodel */,
			);
			currentVersion = 895832F62A00CE5E000440BC /* BJITXpress.xcdatamodel */;
			path = BJITXpress.xcdatamodeld;
			sourceTree = "<group>";
			versionGroupType = wrapper.xcdatamodel;
		};
/* End XCVersionGroup section */
	};
	rootObject = 895832DF2A00CE5C000440BC /* Project object */;
}
